
Microsoft Visual Studio Solution File, Format Version 12.00
# Visual Studio Version 17
VisualStudioVersion = 17.10.34928.147
MinimumVisualStudioVersion = 10.0.40219.1
Project("{FAE04EC0-301F-11D3-BF4B-00C04F79EFBC}") = "Trion Launcher", "Trion Launcher\Trion Launcher.csproj", "{495F3068-12AE-472A-8B1C-AF09250D4BE3}"
EndProject
Global
	GlobalSection(SolutionConfigurationPlatforms) = preSolution
		Debug|Any CPU = Debug|Any CPU
		Release|Any CPU = Release|Any CPU
	EndGlobalSection
	GlobalSection(ProjectConfigurationPlatforms) = postSolution
		{495F3068-12AE-472A-8B1C-AF09250D4BE3}.Debug|Any CPU.ActiveCfg = Debug|Any CPU
		{495F3068-12AE-472A-8B1C-AF09250D4BE3}.Debug|Any CPU.Build.0 = Debug|Any CPU
		{495F3068-12AE-472A-8B1C-AF09250D4BE3}.Release|Any CPU.ActiveCfg = Release|Any CPU
		{495F3068-12AE-472A-8B1C-AF09250D4BE3}.Release|Any CPU.Build.0 = Release|Any CPU
	EndGlobalSection
	GlobalSection(SolutionProperties) = preSolution
		HideSolutionNode = FALSE
	EndGlobalSection
	GlobalSection(ExtensibilityGlobals) = postSolution
		SolutionGuid = {897ECCE7-754F-43C9-8C5B-3C74B3974312}
	EndGlobalSection
EndGlobal
